// !$*UTF8*$!
{
	archiveVersion = 1;
	classes = {
	};
	objectVersion = 50;
	objects = {

/* Begin PBXBuildFile section */
		50303C2F2166A32D004E15A2 /* AppDelegate.swift in Sources */ = {isa = PBXBuildFile; fileRef = 50303C2E2166A32D004E15A2 /* AppDelegate.swift */; };
		50303C312166A32D004E15A2 /* ViewController.swift in Sources */ = {isa = PBXBuildFile; fileRef = 50303C302166A32D004E15A2 /* ViewController.swift */; };
		50303C342166A32D004E15A2 /* Main.storyboard in Resources */ = {isa = PBXBuildFile; fileRef = 50303C322166A32D004E15A2 /* Main.storyboard */; };
		50303C362166A332004E15A2 /* Assets.xcassets in Resources */ = {isa = PBXBuildFile; fileRef = 50303C352166A332004E15A2 /* Assets.xcassets */; };
		50303C392166A332004E15A2 /* LaunchScreen.storyboard in Resources */ = {isa = PBXBuildFile; fileRef = 50303C372166A332004E15A2 /* LaunchScreen.storyboard */; };
		50303C442166A332004E15A2 /* viper_tutorialTests.swift in Sources */ = {isa = PBXBuildFile; fileRef = 50303C432166A332004E15A2 /* viper_tutorialTests.swift */; };
		50303C4F2166A332004E15A2 /* viper_tutorialUITests.swift in Sources */ = {isa = PBXBuildFile; fileRef = 50303C4E2166A332004E15A2 /* viper_tutorialUITests.swift */; };
		50303C642166C847004E15A2 /* CoinbaseUser.swift in Sources */ = {isa = PBXBuildFile; fileRef = 50303C632166C847004E15A2 /* CoinbaseUser.swift */; };
		50303C662166C93A004E15A2 /* CoinbaseUserProtocol.swift in Sources */ = {isa = PBXBuildFile; fileRef = 50303C652166C93A004E15A2 /* CoinbaseUserProtocol.swift */; };
		50303C682166D5EF004E15A2 /* CoinbaseUserPresenter.swift in Sources */ = {isa = PBXBuildFile; fileRef = 50303C672166D5EF004E15A2 /* CoinbaseUserPresenter.swift */; };
		50303C6C2166DEC5004E15A2 /* CoinbaseUserInteractor.swift in Sources */ = {isa = PBXBuildFile; fileRef = 50303C6B2166DEC5004E15A2 /* CoinbaseUserInteractor.swift */; };
		50303C6E2166E5C8004E15A2 /* CoinbaseUserRouter.swift in Sources */ = {isa = PBXBuildFile; fileRef = 50303C6D2166E5C8004E15A2 /* CoinbaseUserRouter.swift */; };
		50303C7121671581004E15A2 /* CoinbaseServices.swift in Sources */ = {isa = PBXBuildFile; fileRef = 50303C7021671581004E15A2 /* CoinbaseServices.swift */; };
		50303C73216715F2004E15A2 /* OAuth2RetryHandler.swift in Sources */ = {isa = PBXBuildFile; fileRef = 50303C72216715F2004E15A2 /* OAuth2RetryHandler.swift */; };
		50303C7521671618004E15A2 /* OAuthManager.swift in Sources */ = {isa = PBXBuildFile; fileRef = 50303C7421671618004E15A2 /* OAuthManager.swift */; };
		50303C7B2167173E004E15A2 /* CoinbaseAccount.swift in Sources */ = {isa = PBXBuildFile; fileRef = 50303C7A2167173E004E15A2 /* CoinbaseAccount.swift */; };
		50303C7E216718D5004E15A2 /* CoinbaseUserViewController.swift in Sources */ = {isa = PBXBuildFile; fileRef = 50303C7D216718D5004E15A2 /* CoinbaseUserViewController.swift */; };
		5480263CE5F59324A4283595 /* Pods_viper_tutorial.framework in Frameworks */ = {isa = PBXBuildFile; fileRef = 6E264627D2A77DA5E30CE409 /* Pods_viper_tutorial.framework */; };
		E2A3ED3C4FB813FA081EC5ED /* Pods_viper_tutorialUITests.framework in Frameworks */ = {isa = PBXBuildFile; fileRef = 086F2D576C24D2AECEC8A6B0 /* Pods_viper_tutorialUITests.framework */; };
		EF2C2BB459C8ED601BB8DD3D /* Pods_viper_tutorialTests.framework in Frameworks */ = {isa = PBXBuildFile; fileRef = 7ABF14A4CC404AA3A6B4C8F1 /* Pods_viper_tutorialTests.framework */; };
/* End PBXBuildFile section */

/* Begin PBXContainerItemProxy section */
		50303C402166A332004E15A2 /* PBXContainerItemProxy */ = {
			isa = PBXContainerItemProxy;
			containerPortal = 50303C232166A32D004E15A2 /* Project object */;
			proxyType = 1;
			remoteGlobalIDString = 50303C2A2166A32D004E15A2;
			remoteInfo = "viper-tutorial";
		};
		50303C4B2166A332004E15A2 /* PBXContainerItemProxy */ = {
			isa = PBXContainerItemProxy;
			containerPortal = 50303C232166A32D004E15A2 /* Project object */;
			proxyType = 1;
			remoteGlobalIDString = 50303C2A2166A32D004E15A2;
			remoteInfo = "viper-tutorial";
		};
/* End PBXContainerItemProxy section */

/* Begin PBXFileReference section */
		086F2D576C24D2AECEC8A6B0 /* Pods_viper_tutorialUITests.framework */ = {isa = PBXFileReference; explicitFileType = wrapper.framework; includeInIndex = 0; path = Pods_viper_tutorialUITests.framework; sourceTree = BUILT_PRODUCTS_DIR; };
		12903F70F384278BDA7E7021 /* Pods-viper-tutorial.release.xcconfig */ = {isa = PBXFileReference; includeInIndex = 1; lastKnownFileType = text.xcconfig; name = "Pods-viper-tutorial.release.xcconfig"; path = "Pods/Target Support Files/Pods-viper-tutorial/Pods-viper-tutorial.release.xcconfig"; sourceTree = "<group>"; };
		195C2A53C821555F1093BD59 /* Pods-viper-tutorialUITests.release.xcconfig */ = {isa = PBXFileReference; includeInIndex = 1; lastKnownFileType = text.xcconfig; name = "Pods-viper-tutorialUITests.release.xcconfig"; path = "Pods/Target Support Files/Pods-viper-tutorialUITests/Pods-viper-tutorialUITests.release.xcconfig"; sourceTree = "<group>"; };
		45824C948692ACE896BAD577 /* Pods-viper-tutorialTests.release.xcconfig */ = {isa = PBXFileReference; includeInIndex = 1; lastKnownFileType = text.xcconfig; name = "Pods-viper-tutorialTests.release.xcconfig"; path = "Pods/Target Support Files/Pods-viper-tutorialTests/Pods-viper-tutorialTests.release.xcconfig"; sourceTree = "<group>"; };
		50303C2B2166A32D004E15A2 /* viper-tutorial.app */ = {isa = PBXFileReference; explicitFileType = wrapper.application; includeInIndex = 0; path = "viper-tutorial.app"; sourceTree = BUILT_PRODUCTS_DIR; };
		50303C2E2166A32D004E15A2 /* AppDelegate.swift */ = {isa = PBXFileReference; lastKnownFileType = sourcecode.swift; path = AppDelegate.swift; sourceTree = "<group>"; };
		50303C302166A32D004E15A2 /* ViewController.swift */ = {isa = PBXFileReference; lastKnownFileType = sourcecode.swift; path = ViewController.swift; sourceTree = "<group>"; };
		50303C332166A32D004E15A2 /* Base */ = {isa = PBXFileReference; lastKnownFileType = file.storyboard; name = Base; path = Base.lproj/Main.storyboard; sourceTree = "<group>"; };
		50303C352166A332004E15A2 /* Assets.xcassets */ = {isa = PBXFileReference; lastKnownFileType = folder.assetcatalog; path = Assets.xcassets; sourceTree = "<group>"; };
		50303C382166A332004E15A2 /* Base */ = {isa = PBXFileReference; lastKnownFileType = file.storyboard; name = Base; path = Base.lproj/LaunchScreen.storyboard; sourceTree = "<group>"; };
		50303C3A2166A332004E15A2 /* Info.plist */ = {isa = PBXFileReference; lastKnownFileType = text.plist.xml; path = Info.plist; sourceTree = "<group>"; };
		50303C3F2166A332004E15A2 /* viper-tutorialTests.xctest */ = {isa = PBXFileReference; explicitFileType = wrapper.cfbundle; includeInIndex = 0; path = "viper-tutorialTests.xctest"; sourceTree = BUILT_PRODUCTS_DIR; };
		50303C432166A332004E15A2 /* viper_tutorialTests.swift */ = {isa = PBXFileReference; lastKnownFileType = sourcecode.swift; path = viper_tutorialTests.swift; sourceTree = "<group>"; };
		50303C452166A332004E15A2 /* Info.plist */ = {isa = PBXFileReference; lastKnownFileType = text.plist.xml; path = Info.plist; sourceTree = "<group>"; };
		50303C4A2166A332004E15A2 /* viper-tutorialUITests.xctest */ = {isa = PBXFileReference; explicitFileType = wrapper.cfbundle; includeInIndex = 0; path = "viper-tutorialUITests.xctest"; sourceTree = BUILT_PRODUCTS_DIR; };
		50303C4E2166A332004E15A2 /* viper_tutorialUITests.swift */ = {isa = PBXFileReference; lastKnownFileType = sourcecode.swift; path = viper_tutorialUITests.swift; sourceTree = "<group>"; };
		50303C502166A332004E15A2 /* Info.plist */ = {isa = PBXFileReference; lastKnownFileType = text.plist.xml; path = Info.plist; sourceTree = "<group>"; };
		50303C632166C847004E15A2 /* CoinbaseUser.swift */ = {isa = PBXFileReference; lastKnownFileType = sourcecode.swift; path = CoinbaseUser.swift; sourceTree = "<group>"; };
		50303C652166C93A004E15A2 /* CoinbaseUserProtocol.swift */ = {isa = PBXFileReference; lastKnownFileType = sourcecode.swift; path = CoinbaseUserProtocol.swift; sourceTree = "<group>"; };
		50303C672166D5EF004E15A2 /* CoinbaseUserPresenter.swift */ = {isa = PBXFileReference; lastKnownFileType = sourcecode.swift; path = CoinbaseUserPresenter.swift; sourceTree = "<group>"; };
		50303C6B2166DEC5004E15A2 /* CoinbaseUserInteractor.swift */ = {isa = PBXFileReference; lastKnownFileType = sourcecode.swift; path = CoinbaseUserInteractor.swift; sourceTree = "<group>"; };
		50303C6D2166E5C8004E15A2 /* CoinbaseUserRouter.swift */ = {isa = PBXFileReference; lastKnownFileType = sourcecode.swift; path = CoinbaseUserRouter.swift; sourceTree = "<group>"; };
		50303C7021671581004E15A2 /* CoinbaseServices.swift */ = {isa = PBXFileReference; lastKnownFileType = sourcecode.swift; path = CoinbaseServices.swift; sourceTree = "<group>"; };
		50303C72216715F2004E15A2 /* OAuth2RetryHandler.swift */ = {isa = PBXFileReference; lastKnownFileType = sourcecode.swift; path = OAuth2RetryHandler.swift; sourceTree = "<group>"; };
		50303C7421671618004E15A2 /* OAuthManager.swift */ = {isa = PBXFileReference; lastKnownFileType = sourcecode.swift; path = OAuthManager.swift; sourceTree = "<group>"; };
		50303C7A2167173E004E15A2 /* CoinbaseAccount.swift */ = {isa = PBXFileReference; lastKnownFileType = sourcecode.swift; path = CoinbaseAccount.swift; sourceTree = "<group>"; };
		50303C7D216718D5004E15A2 /* CoinbaseUserViewController.swift */ = {isa = PBXFileReference; lastKnownFileType = sourcecode.swift; path = CoinbaseUserViewController.swift; sourceTree = "<group>"; };
		6E264627D2A77DA5E30CE409 /* Pods_viper_tutorial.framework */ = {isa = PBXFileReference; explicitFileType = wrapper.framework; includeInIndex = 0; path = Pods_viper_tutorial.framework; sourceTree = BUILT_PRODUCTS_DIR; };
		7ABF14A4CC404AA3A6B4C8F1 /* Pods_viper_tutorialTests.framework */ = {isa = PBXFileReference; explicitFileType = wrapper.framework; includeInIndex = 0; path = Pods_viper_tutorialTests.framework; sourceTree = BUILT_PRODUCTS_DIR; };
		AC3F8DCACE44ADC0F1E10F0A /* Pods-viper-tutorialTests.debug.xcconfig */ = {isa = PBXFileReference; includeInIndex = 1; lastKnownFileType = text.xcconfig; name = "Pods-viper-tutorialTests.debug.xcconfig"; path = "Pods/Target Support Files/Pods-viper-tutorialTests/Pods-viper-tutorialTests.debug.xcconfig"; sourceTree = "<group>"; };
		AFD2DAF23F963D6EAA5D0AEF /* Pods-viper-tutorialUITests.debug.xcconfig */ = {isa = PBXFileReference; includeInIndex = 1; lastKnownFileType = text.xcconfig; name = "Pods-viper-tutorialUITests.debug.xcconfig"; path = "Pods/Target Support Files/Pods-viper-tutorialUITests/Pods-viper-tutorialUITests.debug.xcconfig"; sourceTree = "<group>"; };
		EE8FF6322EE97F160D9E7229 /* Pods-viper-tutorial.debug.xcconfig */ = {isa = PBXFileReference; includeInIndex = 1; lastKnownFileType = text.xcconfig; name = "Pods-viper-tutorial.debug.xcconfig"; path = "Pods/Target Support Files/Pods-viper-tutorial/Pods-viper-tutorial.debug.xcconfig"; sourceTree = "<group>"; };
/* End PBXFileReference section */

/* Begin PBXFrameworksBuildPhase section */
		50303C282166A32D004E15A2 /* Frameworks */ = {
			isa = PBXFrameworksBuildPhase;
			buildActionMask = 2147483647;
			files = (
				5480263CE5F59324A4283595 /* Pods_viper_tutorial.framework in Frameworks */,
			);
			runOnlyForDeploymentPostprocessing = 0;
		};
		50303C3C2166A332004E15A2 /* Frameworks */ = {
			isa = PBXFrameworksBuildPhase;
			buildActionMask = 2147483647;
			files = (
				EF2C2BB459C8ED601BB8DD3D /* Pods_viper_tutorialTests.framework in Frameworks */,
			);
			runOnlyForDeploymentPostprocessing = 0;
		};
		50303C472166A332004E15A2 /* Frameworks */ = {
			isa = PBXFrameworksBuildPhase;
			buildActionMask = 2147483647;
			files = (
				E2A3ED3C4FB813FA081EC5ED /* Pods_viper_tutorialUITests.framework in Frameworks */,
			);
			runOnlyForDeploymentPostprocessing = 0;
		};
/* End PBXFrameworksBuildPhase section */

/* Begin PBXGroup section */
		3B8E4DB6E06A5AE114B593CE /* Frameworks */ = {
			isa = PBXGroup;
			children = (
				6E264627D2A77DA5E30CE409 /* Pods_viper_tutorial.framework */,
				7ABF14A4CC404AA3A6B4C8F1 /* Pods_viper_tutorialTests.framework */,
				086F2D576C24D2AECEC8A6B0 /* Pods_viper_tutorialUITests.framework */,
			);
			name = Frameworks;
			sourceTree = "<group>";
		};
		50303C222166A32D004E15A2 = {
			isa = PBXGroup;
			children = (
				50303C2D2166A32D004E15A2 /* viper-tutorial */,
				50303C422166A332004E15A2 /* viper-tutorialTests */,
				50303C4D2166A332004E15A2 /* viper-tutorialUITests */,
				50303C2C2166A32D004E15A2 /* Products */,
				78A362ECA2E8A11D54F01F19 /* Pods */,
				3B8E4DB6E06A5AE114B593CE /* Frameworks */,
			);
			sourceTree = "<group>";
		};
		50303C2C2166A32D004E15A2 /* Products */ = {
			isa = PBXGroup;
			children = (
				50303C2B2166A32D004E15A2 /* viper-tutorial.app */,
				50303C3F2166A332004E15A2 /* viper-tutorialTests.xctest */,
				50303C4A2166A332004E15A2 /* viper-tutorialUITests.xctest */,
			);
			name = Products;
			sourceTree = "<group>";
		};
		50303C2D2166A32D004E15A2 /* viper-tutorial */ = {
			isa = PBXGroup;
			children = (
				50303C2E2166A32D004E15A2 /* AppDelegate.swift */,
				50303C302166A32D004E15A2 /* ViewController.swift */,
				50303C6F21671551004E15A2 /* common */,
				50303C7621671690004E15A2 /* coinbase-account-module */,
				50303C622166C5B9004E15A2 /* coinbase-user-module */,
				50303C322166A32D004E15A2 /* Main.storyboard */,
				50303C352166A332004E15A2 /* Assets.xcassets */,
				50303C372166A332004E15A2 /* LaunchScreen.storyboard */,
				50303C3A2166A332004E15A2 /* Info.plist */,
			);
			path = "viper-tutorial";
			sourceTree = "<group>";
		};
		50303C422166A332004E15A2 /* viper-tutorialTests */ = {
			isa = PBXGroup;
			children = (
				50303C432166A332004E15A2 /* viper_tutorialTests.swift */,
				50303C452166A332004E15A2 /* Info.plist */,
			);
			path = "viper-tutorialTests";
			sourceTree = "<group>";
		};
		50303C4D2166A332004E15A2 /* viper-tutorialUITests */ = {
			isa = PBXGroup;
			children = (
				50303C4E2166A332004E15A2 /* viper_tutorialUITests.swift */,
				50303C502166A332004E15A2 /* Info.plist */,
			);
			path = "viper-tutorialUITests";
			sourceTree = "<group>";
		};
		50303C5D2166C1AB004E15A2 /* protocols */ = {
			isa = PBXGroup;
			children = (
				50303C652166C93A004E15A2 /* CoinbaseUserProtocol.swift */,
			);
			path = protocols;
			sourceTree = "<group>";
		};
		50303C5E2166C1B5004E15A2 /* entity */ = {
			isa = PBXGroup;
			children = (
				50303C632166C847004E15A2 /* CoinbaseUser.swift */,
			);
			path = entity;
			sourceTree = "<group>";
		};
		50303C5F2166C529004E15A2 /* interactor */ = {
			isa = PBXGroup;
			children = (
				50303C6B2166DEC5004E15A2 /* CoinbaseUserInteractor.swift */,
			);
			path = interactor;
			sourceTree = "<group>";
		};
		50303C602166C532004E15A2 /* presenter */ = {
			isa = PBXGroup;
			children = (
				50303C672166D5EF004E15A2 /* CoinbaseUserPresenter.swift */,
			);
			path = presenter;
			sourceTree = "<group>";
		};
		50303C612166C547004E15A2 /* router */ = {
			isa = PBXGroup;
			children = (
				50303C6D2166E5C8004E15A2 /* CoinbaseUserRouter.swift */,
			);
			path = router;
			sourceTree = "<group>";
		};
		50303C622166C5B9004E15A2 /* coinbase-user-module */ = {
			isa = PBXGroup;
			children = (
				50303C7C21671895004E15A2 /* view */,
				50303C5F2166C529004E15A2 /* interactor */,
				50303C602166C532004E15A2 /* presenter */,
				50303C5E2166C1B5004E15A2 /* entity */,
				50303C612166C547004E15A2 /* router */,
				50303C5D2166C1AB004E15A2 /* protocols */,
			);
			path = "coinbase-user-module";
			sourceTree = "<group>";
		};
		50303C6F21671551004E15A2 /* common */ = {
			isa = PBXGroup;
			children = (
				50303C7021671581004E15A2 /* CoinbaseServices.swift */,
				50303C72216715F2004E15A2 /* OAuth2RetryHandler.swift */,
				50303C7421671618004E15A2 /* OAuthManager.swift */,
			);
			path = common;
			sourceTree = "<group>";
		};
		50303C7621671690004E15A2 /* coinbase-account-module */ = {
			isa = PBXGroup;
			children = (
				50303C77216716D8004E15A2 /* view */,
				50303C78216716E9004E15A2 /* interactor */,
				50303C7921671726004E15A2 /* entity */,
			);
			path = "coinbase-account-module";
			sourceTree = "<group>";
		};
		50303C77216716D8004E15A2 /* view */ = {
			isa = PBXGroup;
			children = (
			);
			path = view;
			sourceTree = "<group>";
		};
		50303C78216716E9004E15A2 /* interactor */ = {
			isa = PBXGroup;
			children = (
			);
			path = interactor;
			sourceTree = "<group>";
		};
		50303C7921671726004E15A2 /* entity */ = {
			isa = PBXGroup;
			children = (
				50303C7A2167173E004E15A2 /* CoinbaseAccount.swift */,
			);
			path = entity;
			sourceTree = "<group>";
		};
		50303C7C21671895004E15A2 /* view */ = {
			isa = PBXGroup;
			children = (
				50303C7D216718D5004E15A2 /* CoinbaseUserViewController.swift */,
			);
			path = view;
			sourceTree = "<group>";
		};
		78A362ECA2E8A11D54F01F19 /* Pods */ = {
			isa = PBXGroup;
			children = (
				EE8FF6322EE97F160D9E7229 /* Pods-viper-tutorial.debug.xcconfig */,
				12903F70F384278BDA7E7021 /* Pods-viper-tutorial.release.xcconfig */,
				AC3F8DCACE44ADC0F1E10F0A /* Pods-viper-tutorialTests.debug.xcconfig */,
				45824C948692ACE896BAD577 /* Pods-viper-tutorialTests.release.xcconfig */,
				AFD2DAF23F963D6EAA5D0AEF /* Pods-viper-tutorialUITests.debug.xcconfig */,
				195C2A53C821555F1093BD59 /* Pods-viper-tutorialUITests.release.xcconfig */,
			);
			name = Pods;
			sourceTree = "<group>";
		};
/* End PBXGroup section */

/* Begin PBXNativeTarget section */
		50303C2A2166A32D004E15A2 /* viper-tutorial */ = {
			isa = PBXNativeTarget;
			buildConfigurationList = 50303C532166A332004E15A2 /* Build configuration list for PBXNativeTarget "viper-tutorial" */;
			buildPhases = (
				55FFAB8B6262292A89C2C373 /* [CP] Check Pods Manifest.lock */,
				50303C272166A32D004E15A2 /* Sources */,
				50303C282166A32D004E15A2 /* Frameworks */,
				50303C292166A32D004E15A2 /* Resources */,
				EA3D9D5511ED539D1E3EA8D8 /* [CP] Embed Pods Frameworks */,
				9F794E24A4E126384F04CB2A /* [CP] Copy Pods Resources */,
			);
			buildRules = (
			);
			dependencies = (
			);
			name = "viper-tutorial";
			productName = "viper-tutorial";
			productReference = 50303C2B2166A32D004E15A2 /* viper-tutorial.app */;
			productType = "com.apple.product-type.application";
		};
		50303C3E2166A332004E15A2 /* viper-tutorialTests */ = {
			isa = PBXNativeTarget;
			buildConfigurationList = 50303C562166A332004E15A2 /* Build configuration list for PBXNativeTarget "viper-tutorialTests" */;
			buildPhases = (
				9C00759A1C32CE5FF14A8A1C /* [CP] Check Pods Manifest.lock */,
				50303C3B2166A332004E15A2 /* Sources */,
				50303C3C2166A332004E15A2 /* Frameworks */,
				50303C3D2166A332004E15A2 /* Resources */,
				D4C279D5BA4AD25618B48D23 /* [CP] Embed Pods Frameworks */,
				2DDC34CFECB8B206D65D43DE /* [CP] Copy Pods Resources */,
			);
			buildRules = (
			);
			dependencies = (
				50303C412166A332004E15A2 /* PBXTargetDependency */,
			);
			name = "viper-tutorialTests";
			productName = "viper-tutorialTests";
			productReference = 50303C3F2166A332004E15A2 /* viper-tutorialTests.xctest */;
			productType = "com.apple.product-type.bundle.unit-test";
		};
		50303C492166A332004E15A2 /* viper-tutorialUITests */ = {
			isa = PBXNativeTarget;
			buildConfigurationList = 50303C592166A332004E15A2 /* Build configuration list for PBXNativeTarget "viper-tutorialUITests" */;
			buildPhases = (
				3E6E40DDEFCC2E6F28C267F6 /* [CP] Check Pods Manifest.lock */,
				50303C462166A332004E15A2 /* Sources */,
				50303C472166A332004E15A2 /* Frameworks */,
				50303C482166A332004E15A2 /* Resources */,
				02D8592C21CD11662285FDF0 /* [CP] Embed Pods Frameworks */,
				65DEFFE23B8F19CA91F30BB7 /* [CP] Copy Pods Resources */,
			);
			buildRules = (
			);
			dependencies = (
				50303C4C2166A332004E15A2 /* PBXTargetDependency */,
			);
			name = "viper-tutorialUITests";
			productName = "viper-tutorialUITests";
			productReference = 50303C4A2166A332004E15A2 /* viper-tutorialUITests.xctest */;
			productType = "com.apple.product-type.bundle.ui-testing";
		};
/* End PBXNativeTarget section */

/* Begin PBXProject section */
		50303C232166A32D004E15A2 /* Project object */ = {
			isa = PBXProject;
			attributes = {
				LastSwiftUpdateCheck = 0940;
				LastUpgradeCheck = 0940;
				ORGANIZATIONNAME = "Kelvin Lee";
				TargetAttributes = {
					50303C2A2166A32D004E15A2 = {
						CreatedOnToolsVersion = 9.4.1;
					};
					50303C3E2166A332004E15A2 = {
						CreatedOnToolsVersion = 9.4.1;
						TestTargetID = 50303C2A2166A32D004E15A2;
					};
					50303C492166A332004E15A2 = {
						CreatedOnToolsVersion = 9.4.1;
						TestTargetID = 50303C2A2166A32D004E15A2;
					};
				};
			};
			buildConfigurationList = 50303C262166A32D004E15A2 /* Build configuration list for PBXProject "viper-tutorial" */;
			compatibilityVersion = "Xcode 9.3";
			developmentRegion = en;
			hasScannedForEncodings = 0;
			knownRegions = (
				en,
				Base,
			);
			mainGroup = 50303C222166A32D004E15A2;
			productRefGroup = 50303C2C2166A32D004E15A2 /* Products */;
			projectDirPath = "";
			projectRoot = "";
			targets = (
				50303C2A2166A32D004E15A2 /* viper-tutorial */,
				50303C3E2166A332004E15A2 /* viper-tutorialTests */,
				50303C492166A332004E15A2 /* viper-tutorialUITests */,
			);
		};
/* End PBXProject section */

/* Begin PBXResourcesBuildPhase section */
		50303C292166A32D004E15A2 /* Resources */ = {
			isa = PBXResourcesBuildPhase;
			buildActionMask = 2147483647;
			files = (
				50303C392166A332004E15A2 /* LaunchScreen.storyboard in Resources */,
				50303C362166A332004E15A2 /* Assets.xcassets in Resources */,
				50303C342166A32D004E15A2 /* Main.storyboard in Resources */,
			);
			runOnlyForDeploymentPostprocessing = 0;
		};
		50303C3D2166A332004E15A2 /* Resources */ = {
			isa = PBXResourcesBuildPhase;
			buildActionMask = 2147483647;
			files = (
			);
			runOnlyForDeploymentPostprocessing = 0;
		};
		50303C482166A332004E15A2 /* Resources */ = {
			isa = PBXResourcesBuildPhase;
			buildActionMask = 2147483647;
			files = (
			);
			runOnlyForDeploymentPostprocessing = 0;
		};
/* End PBXResourcesBuildPhase section */

/* Begin PBXShellScriptBuildPhase section */
		02D8592C21CD11662285FDF0 /* [CP] Embed Pods Frameworks */ = {
			isa = PBXShellScriptBuildPhase;
			buildActionMask = 2147483647;
			files = (
			);
			inputPaths = (
			);
			name = "[CP] Embed Pods Frameworks";
			outputPaths = (
			);
			runOnlyForDeploymentPostprocessing = 0;
			shellPath = /bin/sh;
			shellScript = "\"${SRCROOT}/Pods/Target Support Files/Pods-viper-tutorialUITests/Pods-viper-tutorialUITests-frameworks.sh\"\n";
			showEnvVarsInLog = 0;
		};
		2DDC34CFECB8B206D65D43DE /* [CP] Copy Pods Resources */ = {
			isa = PBXShellScriptBuildPhase;
			buildActionMask = 2147483647;
			files = (
			);
			inputPaths = (
			);
			name = "[CP] Copy Pods Resources";
			outputPaths = (
			);
			runOnlyForDeploymentPostprocessing = 0;
			shellPath = /bin/sh;
			shellScript = "\"${SRCROOT}/Pods/Target Support Files/Pods-viper-tutorialTests/Pods-viper-tutorialTests-resources.sh\"\n";
			showEnvVarsInLog = 0;
		};
		3E6E40DDEFCC2E6F28C267F6 /* [CP] Check Pods Manifest.lock */ = {
			isa = PBXShellScriptBuildPhase;
			buildActionMask = 2147483647;
			files = (
			);
			inputPaths = (
				"${PODS_PODFILE_DIR_PATH}/Podfile.lock",
				"${PODS_ROOT}/Manifest.lock",
			);
			name = "[CP] Check Pods Manifest.lock";
			outputPaths = (
				"$(DERIVED_FILE_DIR)/Pods-viper-tutorialUITests-checkManifestLockResult.txt",
			);
			runOnlyForDeploymentPostprocessing = 0;
			shellPath = /bin/sh;
			shellScript = "diff \"${PODS_PODFILE_DIR_PATH}/Podfile.lock\" \"${PODS_ROOT}/Manifest.lock\" > /dev/null\nif [ $? != 0 ] ; then\n    # print error to STDERR\n    echo \"error: The sandbox is not in sync with the Podfile.lock. Run 'pod install' or update your CocoaPods installation.\" >&2\n    exit 1\nfi\n# This output is used by Xcode 'outputs' to avoid re-running this script phase.\necho \"SUCCESS\" > \"${SCRIPT_OUTPUT_FILE_0}\"\n";
			showEnvVarsInLog = 0;
		};
		55FFAB8B6262292A89C2C373 /* [CP] Check Pods Manifest.lock */ = {
			isa = PBXShellScriptBuildPhase;
			buildActionMask = 2147483647;
			files = (
			);
			inputPaths = (
				"${PODS_PODFILE_DIR_PATH}/Podfile.lock",
				"${PODS_ROOT}/Manifest.lock",
			);
			name = "[CP] Check Pods Manifest.lock";
			outputPaths = (
				"$(DERIVED_FILE_DIR)/Pods-viper-tutorial-checkManifestLockResult.txt",
			);
			runOnlyForDeploymentPostprocessing = 0;
			shellPath = /bin/sh;
			shellScript = "diff \"${PODS_PODFILE_DIR_PATH}/Podfile.lock\" \"${PODS_ROOT}/Manifest.lock\" > /dev/null\nif [ $? != 0 ] ; then\n    # print error to STDERR\n    echo \"error: The sandbox is not in sync with the Podfile.lock. Run 'pod install' or update your CocoaPods installation.\" >&2\n    exit 1\nfi\n# This output is used by Xcode 'outputs' to avoid re-running this script phase.\necho \"SUCCESS\" > \"${SCRIPT_OUTPUT_FILE_0}\"\n";
			showEnvVarsInLog = 0;
		};
		65DEFFE23B8F19CA91F30BB7 /* [CP] Copy Pods Resources */ = {
			isa = PBXShellScriptBuildPhase;
			buildActionMask = 2147483647;
			files = (
			);
			inputPaths = (
			);
			name = "[CP] Copy Pods Resources";
			outputPaths = (
			);
			runOnlyForDeploymentPostprocessing = 0;
			shellPath = /bin/sh;
			shellScript = "\"${SRCROOT}/Pods/Target Support Files/Pods-viper-tutorialUITests/Pods-viper-tutorialUITests-resources.sh\"\n";
			showEnvVarsInLog = 0;
		};
		9C00759A1C32CE5FF14A8A1C /* [CP] Check Pods Manifest.lock */ = {
			isa = PBXShellScriptBuildPhase;
			buildActionMask = 2147483647;
			files = (
			);
			inputPaths = (
				"${PODS_PODFILE_DIR_PATH}/Podfile.lock",
				"${PODS_ROOT}/Manifest.lock",
			);
			name = "[CP] Check Pods Manifest.lock";
			outputPaths = (
				"$(DERIVED_FILE_DIR)/Pods-viper-tutorialTests-checkManifestLockResult.txt",
			);
			runOnlyForDeploymentPostprocessing = 0;
			shellPath = /bin/sh;
			shellScript = "diff \"${PODS_PODFILE_DIR_PATH}/Podfile.lock\" \"${PODS_ROOT}/Manifest.lock\" > /dev/null\nif [ $? != 0 ] ; then\n    # print error to STDERR\n    echo \"error: The sandbox is not in sync with the Podfile.lock. Run 'pod install' or update your CocoaPods installation.\" >&2\n    exit 1\nfi\n# This output is used by Xcode 'outputs' to avoid re-running this script phase.\necho \"SUCCESS\" > \"${SCRIPT_OUTPUT_FILE_0}\"\n";
			showEnvVarsInLog = 0;
		};
		9F794E24A4E126384F04CB2A /* [CP] Copy Pods Resources */ = {
			isa = PBXShellScriptBuildPhase;
			buildActionMask = 2147483647;
			files = (
			);
			inputPaths = (
			);
			name = "[CP] Copy Pods Resources";
			outputPaths = (
			);
			runOnlyForDeploymentPostprocessing = 0;
			shellPath = /bin/sh;
			shellScript = "\"${SRCROOT}/Pods/Target Support Files/Pods-viper-tutorial/Pods-viper-tutorial-resources.sh\"\n";
			showEnvVarsInLog = 0;
		};
		D4C279D5BA4AD25618B48D23 /* [CP] Embed Pods Frameworks */ = {
			isa = PBXShellScriptBuildPhase;
			buildActionMask = 2147483647;
			files = (
			);
			inputPaths = (
			);
			name = "[CP] Embed Pods Frameworks";
			outputPaths = (
			);
			runOnlyForDeploymentPostprocessing = 0;
			shellPath = /bin/sh;
			shellScript = "\"${SRCROOT}/Pods/Target Support Files/Pods-viper-tutorialTests/Pods-viper-tutorialTests-frameworks.sh\"\n";
			showEnvVarsInLog = 0;
		};
		EA3D9D5511ED539D1E3EA8D8 /* [CP] Embed Pods Frameworks */ = {
			isa = PBXShellScriptBuildPhase;
			buildActionMask = 2147483647;
			files = (
			);
			inputPaths = (
				"${SRCROOT}/Pods/Target Support Files/Pods-viper-tutorial/Pods-viper-tutorial-frameworks.sh",
				"${BUILT_PRODUCTS_DIR}/Alamofire/Alamofire.framework",
				"${BUILT_PRODUCTS_DIR}/Moya/Moya.framework",
				"${BUILT_PRODUCTS_DIR}/Result/Result.framework",
				"${BUILT_PRODUCTS_DIR}/p2.OAuth2/p2_OAuth2.framework",
			);
			name = "[CP] Embed Pods Frameworks";
			outputPaths = (
				"${TARGET_BUILD_DIR}/${FRAMEWORKS_FOLDER_PATH}/Alamofire.framework",
				"${TARGET_BUILD_DIR}/${FRAMEWORKS_FOLDER_PATH}/Moya.framework",
				"${TARGET_BUILD_DIR}/${FRAMEWORKS_FOLDER_PATH}/Result.framework",
				"${TARGET_BUILD_DIR}/${FRAMEWORKS_FOLDER_PATH}/p2_OAuth2.framework",
			);
			runOnlyForDeploymentPostprocessing = 0;
			shellPath = /bin/sh;
			shellScript = "\"${SRCROOT}/Pods/Target Support Files/Pods-viper-tutorial/Pods-viper-tutorial-frameworks.sh\"\n";
			showEnvVarsInLog = 0;
		};
/* End PBXShellScriptBuildPhase section */

/* Begin PBXSourcesBuildPhase section */
		50303C272166A32D004E15A2 /* Sources */ = {
			isa = PBXSourcesBuildPhase;
			buildActionMask = 2147483647;
			files = (
				50303C682166D5EF004E15A2 /* CoinbaseUserPresenter.swift in Sources */,
				50303C7B2167173E004E15A2 /* CoinbaseAccount.swift in Sources */,
				50303C7E216718D5004E15A2 /* CoinbaseUserViewController.swift in Sources */,
				50303C312166A32D004E15A2 /* ViewController.swift in Sources */,
				50303C642166C847004E15A2 /* CoinbaseUser.swift in Sources */,
				50303C662166C93A004E15A2 /* CoinbaseUserProtocol.swift in Sources */,
				50303C7521671618004E15A2 /* OAuthManager.swift in Sources */,
				50303C6C2166DEC5004E15A2 /* CoinbaseUserInteractor.swift in Sources */,
				50303C2F2166A32D004E15A2 /* AppDelegate.swift in Sources */,
				50303C7121671581004E15A2 /* CoinbaseServices.swift in Sources */,
				50303C73216715F2004E15A2 /* OAuth2RetryHandler.swift in Sources */,
				50303C6E2166E5C8004E15A2 /* CoinbaseUserRouter.swift in Sources */,
			);
			runOnlyForDeploymentPostprocessing = 0;
		};
		50303C3B2166A332004E15A2 /* Sources */ = {
			isa = PBXSourcesBuildPhase;
			buildActionMask = 2147483647;
			files = (
				50303C442166A332004E15A2 /* viper_tutorialTests.swift in Sources */,
			);
			runOnlyForDeploymentPostprocessing = 0;
		};
		50303C462166A332004E15A2 /* Sources */ = {
			isa = PBXSourcesBuildPhase;
			buildActionMask = 2147483647;
			files = (
				50303C4F2166A332004E15A2 /* viper_tutorialUITests.swift in Sources */,
			);
			runOnlyForDeploymentPostprocessing = 0;
		};
/* End PBXSourcesBuildPhase section */

/* Begin PBXTargetDependency section */
		50303C412166A332004E15A2 /* PBXTargetDependency */ = {
			isa = PBXTargetDependency;
			target = 50303C2A2166A32D004E15A2 /* viper-tutorial */;
			targetProxy = 50303C402166A332004E15A2 /* PBXContainerItemProxy */;
		};
		50303C4C2166A332004E15A2 /* PBXTargetDependency */ = {
			isa = PBXTargetDependency;
			target = 50303C2A2166A32D004E15A2 /* viper-tutorial */;
			targetProxy = 50303C4B2166A332004E15A2 /* PBXContainerItemProxy */;
		};
/* End PBXTargetDependency section */

/* Begin PBXVariantGroup section */
		50303C322166A32D004E15A2 /* Main.storyboard */ = {
			isa = PBXVariantGroup;
			children = (
				50303C332166A32D004E15A2 /* Base */,
			);
			name = Main.storyboard;
			sourceTree = "<group>";
		};
		50303C372166A332004E15A2 /* LaunchScreen.storyboard */ = {
			isa = PBXVariantGroup;
			children = (
				50303C382166A332004E15A2 /* Base */,
			);
			name = LaunchScreen.storyboard;
			sourceTree = "<group>";
		};
/* End PBXVariantGroup section */

/* Begin XCBuildConfiguration section */
		50303C512166A332004E15A2 /* Debug */ = {
			isa = XCBuildConfiguration;
			buildSettings = {
				ALWAYS_SEARCH_USER_PATHS = NO;
				CLANG_ANALYZER_NONNULL = YES;
				CLANG_ANALYZER_NUMBER_OBJECT_CONVERSION = YES_AGGRESSIVE;
				CLANG_CXX_LANGUAGE_STANDARD = "gnu++14";
				CLANG_CXX_LIBRARY = "libc++";
				CLANG_ENABLE_MODULES = YES;
				CLANG_ENABLE_OBJC_ARC = YES;
				CLANG_ENABLE_OBJC_WEAK = YES;
				CLANG_WARN_BLOCK_CAPTURE_AUTORELEASING = YES;
				CLANG_WARN_BOOL_CONVERSION = YES;
				CLANG_WARN_COMMA = YES;
				CLANG_WARN_CONSTANT_CONVERSION = YES;
				CLANG_WARN_DEPRECATED_OBJC_IMPLEMENTATIONS = YES;
				CLANG_WARN_DIRECT_OBJC_ISA_USAGE = YES_ERROR;
				CLANG_WARN_DOCUMENTATION_COMMENTS = YES;
				CLANG_WARN_EMPTY_BODY = YES;
				CLANG_WARN_ENUM_CONVERSION = YES;
				CLANG_WARN_INFINITE_RECURSION = YES;
				CLANG_WARN_INT_CONVERSION = YES;
				CLANG_WARN_NON_LITERAL_NULL_CONVERSION = YES;
				CLANG_WARN_OBJC_IMPLICIT_RETAIN_SELF = YES;
				CLANG_WARN_OBJC_LITERAL_CONVERSION = YES;
				CLANG_WARN_OBJC_ROOT_CLASS = YES_ERROR;
				CLANG_WARN_RANGE_LOOP_ANALYSIS = YES;
				CLANG_WARN_STRICT_PROTOTYPES = YES;
				CLANG_WARN_SUSPICIOUS_MOVE = YES;
				CLANG_WARN_UNGUARDED_AVAILABILITY = YES_AGGRESSIVE;
				CLANG_WARN_UNREACHABLE_CODE = YES;
				CLANG_WARN__DUPLICATE_METHOD_MATCH = YES;
				CODE_SIGN_IDENTITY = "iPhone Developer";
				COPY_PHASE_STRIP = NO;
				DEBUG_INFORMATION_FORMAT = dwarf;
				ENABLE_STRICT_OBJC_MSGSEND = YES;
				ENABLE_TESTABILITY = YES;
				GCC_C_LANGUAGE_STANDARD = gnu11;
				GCC_DYNAMIC_NO_PIC = NO;
				GCC_NO_COMMON_BLOCKS = YES;
				GCC_OPTIMIZATION_LEVEL = 0;
				GCC_PREPROCESSOR_DEFINITIONS = (
					"DEBUG=1",
					"$(inherited)",
				);
				GCC_WARN_64_TO_32_BIT_CONVERSION = YES;
				GCC_WARN_ABOUT_RETURN_TYPE = YES_ERROR;
				GCC_WARN_UNDECLARED_SELECTOR = YES;
				GCC_WARN_UNINITIALIZED_AUTOS = YES_AGGRESSIVE;
				GCC_WARN_UNUSED_FUNCTION = YES;
				GCC_WARN_UNUSED_VARIABLE = YES;
				IPHONEOS_DEPLOYMENT_TARGET = 11.4;
				MTL_ENABLE_DEBUG_INFO = YES;
				ONLY_ACTIVE_ARCH = YES;
				SDKROOT = iphoneos;
				SWIFT_ACTIVE_COMPILATION_CONDITIONS = DEBUG;
				SWIFT_OPTIMIZATION_LEVEL = "-Onone";
			};
			name = Debug;
		};
		50303C522166A332004E15A2 /* Release */ = {
			isa = XCBuildConfiguration;
			buildSettings = {
				ALWAYS_SEARCH_USER_PATHS = NO;
				CLANG_ANALYZER_NONNULL = YES;
				CLANG_ANALYZER_NUMBER_OBJECT_CONVERSION = YES_AGGRESSIVE;
				CLANG_CXX_LANGUAGE_STANDARD = "gnu++14";
				CLANG_CXX_LIBRARY = "libc++";
				CLANG_ENABLE_MODULES = YES;
				CLANG_ENABLE_OBJC_ARC = YES;
				CLANG_ENABLE_OBJC_WEAK = YES;
				CLANG_WARN_BLOCK_CAPTURE_AUTORELEASING = YES;
				CLANG_WARN_BOOL_CONVERSION = YES;
				CLANG_WARN_COMMA = YES;
				CLANG_WARN_CONSTANT_CONVERSION = YES;
				CLANG_WARN_DEPRECATED_OBJC_IMPLEMENTATIONS = YES;
				CLANG_WARN_DIRECT_OBJC_ISA_USAGE = YES_ERROR;
				CLANG_WARN_DOCUMENTATION_COMMENTS = YES;
				CLANG_WARN_EMPTY_BODY = YES;
				CLANG_WARN_ENUM_CONVERSION = YES;
				CLANG_WARN_INFINITE_RECURSION = YES;
				CLANG_WARN_INT_CONVERSION = YES;
				CLANG_WARN_NON_LITERAL_NULL_CONVERSION = YES;
				CLANG_WARN_OBJC_IMPLICIT_RETAIN_SELF = YES;
				CLANG_WARN_OBJC_LITERAL_CONVERSION = YES;
				CLANG_WARN_OBJC_ROOT_CLASS = YES_ERROR;
				CLANG_WARN_RANGE_LOOP_ANALYSIS = YES;
				CLANG_WARN_STRICT_PROTOTYPES = YES;
				CLANG_WARN_SUSPICIOUS_MOVE = YES;
				CLANG_WARN_UNGUARDED_AVAILABILITY = YES_AGGRESSIVE;
				CLANG_WARN_UNREACHABLE_CODE = YES;
				CLANG_WARN__DUPLICATE_METHOD_MATCH = YES;
				CODE_SIGN_IDENTITY = "iPhone Developer";
				COPY_PHASE_STRIP = NO;
				DEBUG_INFORMATION_FORMAT = "dwarf-with-dsym";
				ENABLE_NS_ASSERTIONS = NO;
				ENABLE_STRICT_OBJC_MSGSEND = YES;
				GCC_C_LANGUAGE_STANDARD = gnu11;
				GCC_NO_COMMON_BLOCKS = YES;
				GCC_WARN_64_TO_32_BIT_CONVERSION = YES;
				GCC_WARN_ABOUT_RETURN_TYPE = YES_ERROR;
				GCC_WARN_UNDECLARED_SELECTOR = YES;
				GCC_WARN_UNINITIALIZED_AUTOS = YES_AGGRESSIVE;
				GCC_WARN_UNUSED_FUNCTION = YES;
				GCC_WARN_UNUSED_VARIABLE = YES;
				IPHONEOS_DEPLOYMENT_TARGET = 11.4;
				MTL_ENABLE_DEBUG_INFO = NO;
				SDKROOT = iphoneos;
				SWIFT_COMPILATION_MODE = wholemodule;
				SWIFT_OPTIMIZATION_LEVEL = "-O";
				VALIDATE_PRODUCT = YES;
			};
			name = Release;
		};
		50303C542166A332004E15A2 /* Debug */ = {
			isa = XCBuildConfiguration;
			baseConfigurationReference = EE8FF6322EE97F160D9E7229 /* Pods-viper-tutorial.debug.xcconfig */;
			buildSettings = {
				ASSETCATALOG_COMPILER_APPICON_NAME = AppIcon;
				CODE_SIGN_STYLE = Automatic;
				DEVELOPMENT_TEAM = W52XA7N9L8;
				INFOPLIST_FILE = "viper-tutorial/Info.plist";
				LD_RUNPATH_SEARCH_PATHS = (
					"$(inherited)",
					"@executable_path/Frameworks",
				);
				PRODUCT_BUNDLE_IDENTIFIER = "com.nivlek.viper-tutorial";
				PRODUCT_NAME = "$(TARGET_NAME)";
				SWIFT_VERSION = 4.0;
				TARGETED_DEVICE_FAMILY = "1,2";
			};
			name = Debug;
		};
		50303C552166A332004E15A2 /* Release */ = {
			isa = XCBuildConfiguration;
			baseConfigurationReference = 12903F70F384278BDA7E7021 /* Pods-viper-tutorial.release.xcconfig */;
			buildSettings = {
				ASSETCATALOG_COMPILER_APPICON_NAME = AppIcon;
				CODE_SIGN_STYLE = Automatic;
				DEVELOPMENT_TEAM = W52XA7N9L8;
				INFOPLIST_FILE = "viper-tutorial/Info.plist";
				LD_RUNPATH_SEARCH_PATHS = (
					"$(inherited)",
					"@executable_path/Frameworks",
				);
				PRODUCT_BUNDLE_IDENTIFIER = "com.nivlek.viper-tutorial";
				PRODUCT_NAME = "$(TARGET_NAME)";
				SWIFT_VERSION = 4.0;
				TARGETED_DEVICE_FAMILY = "1,2";
			};
			name = Release;
		};
		50303C572166A332004E15A2 /* Debug */ = {
			isa = XCBuildConfiguration;
			baseConfigurationReference = AC3F8DCACE44ADC0F1E10F0A /* Pods-viper-tutorialTests.debug.xcconfig */;
			buildSettings = {
				ALWAYS_EMBED_SWIFT_STANDARD_LIBRARIES = YES;
				BUNDLE_LOADER = "$(TEST_HOST)";
				CODE_SIGN_STYLE = Automatic;
				DEVELOPMENT_TEAM = W52XA7N9L8;
				INFOPLIST_FILE = "viper-tutorialTests/Info.plist";
				LD_RUNPATH_SEARCH_PATHS = (
					"$(inherited)",
					"@executable_path/Frameworks",
					"@loader_path/Frameworks",
				);
				PRODUCT_BUNDLE_IDENTIFIER = "com.nivlek.viper-tutorialTests";
				PRODUCT_NAME = "$(TARGET_NAME)";
				SWIFT_VERSION = 4.0;
				TARGETED_DEVICE_FAMILY = "1,2";
				TEST_HOST = "$(BUILT_PRODUCTS_DIR)/viper-tutorial.app/viper-tutorial";
			};
			name = Debug;
		};
		50303C582166A332004E15A2 /* Release */ = {
			isa = XCBuildConfiguration;
			baseConfigurationReference = 45824C948692ACE896BAD577 /* Pods-viper-tutorialTests.release.xcconfig */;
			buildSettings = {
				ALWAYS_EMBED_SWIFT_STANDARD_LIBRARIES = YES;
				BUNDLE_LOADER = "$(TEST_HOST)";
				CODE_SIGN_STYLE = Automatic;
				DEVELOPMENT_TEAM = W52XA7N9L8;
				INFOPLIST_FILE = "viper-tutorialTests/Info.plist";
				LD_RUNPATH_SEARCH_PATHS = (
					"$(inherited)",
					"@executable_path/Frameworks",
					"@loader_path/Frameworks",
				);
				PRODUCT_BUNDLE_IDENTIFIER = "com.nivlek.viper-tutorialTests";
				PRODUCT_NAME = "$(TARGET_NAME)";
				SWIFT_VERSION = 4.0;
				TARGETED_DEVICE_FAMILY = "1,2";
				TEST_HOST = "$(BUILT_PRODUCTS_DIR)/viper-tutorial.app/viper-tutorial";
			};
			name = Release;
		};
		50303C5A2166A332004E15A2 /* Debug */ = {
			isa = XCBuildConfiguration;
			baseConfigurationReference = AFD2DAF23F963D6EAA5D0AEF /* Pods-viper-tutorialUITests.debug.xcconfig */;
			buildSettings = {
				ALWAYS_EMBED_SWIFT_STANDARD_LIBRARIES = YES;
				CODE_SIGN_STYLE = Automatic;
				DEVELOPMENT_TEAM = W52XA7N9L8;
				INFOPLIST_FILE = "viper-tutorialUITests/Info.plist";
				LD_RUNPATH_SEARCH_PATHS = (
					"$(inherited)",
					"@executable_path/Frameworks",
					"@loader_path/Frameworks",
				);
				PRODUCT_BUNDLE_IDENTIFIER = "com.nivlek.viper-tutorialUITests";
				PRODUCT_NAME = "$(TARGET_NAME)";
				SWIFT_VERSION = 4.0;
				TARGETED_DEVICE_FAMILY = "1,2";
				TEST_TARGET_NAME = "viper-tutorial";
			};
			name = Debug;
		};
		50303C5B2166A332004E15A2 /* Release */ = {
			isa = XCBuildConfiguration;
			baseConfigurationReference = 195C2A53C821555F1093BD59 /* Pods-viper-tutorialUITests.release.xcconfig */;
			buildSettings = {
				ALWAYS_EMBED_SWIFT_STANDARD_LIBRARIES = YES;
				CODE_SIGN_STYLE = Automatic;
				DEVELOPMENT_TEAM = W52XA7N9L8;
				INFOPLIST_FILE = "viper-tutorialUITests/Info.plist";
				LD_RUNPATH_SEARCH_PATHS = (
					"$(inherited)",
					"@executable_path/Frameworks",
					"@loader_path/Frameworks",
				);
				PRODUCT_BUNDLE_IDENTIFIER = "com.nivlek.viper-tutorialUITests";
				PRODUCT_NAME = "$(TARGET_NAME)";
				SWIFT_VERSION = 4.0;
				TARGETED_DEVICE_FAMILY = "1,2";
				TEST_TARGET_NAME = "viper-tutorial";
			};
			name = Release;
		};
/* End XCBuildConfiguration section */

/* Begin XCConfigurationList section */
		50303C262166A32D004E15A2 /* Build configuration list for PBXProject "viper-tutorial" */ = {
			isa = XCConfigurationList;
			buildConfigurations = (
				50303C512166A332004E15A2 /* Debug */,
				50303C522166A332004E15A2 /* Release */,
			);
			defaultConfigurationIsVisible = 0;
			defaultConfigurationName = Release;
		};
		50303C532166A332004E15A2 /* Build configuration list for PBXNativeTarget "viper-tutorial" */ = {
			isa = XCConfigurationList;
			buildConfigurations = (
				50303C542166A332004E15A2 /* Debug */,
				50303C552166A332004E15A2 /* Release */,
			);
			defaultConfigurationIsVisible = 0;
			defaultConfigurationName = Release;
		};
		50303C562166A332004E15A2 /* Build configuration list for PBXNativeTarget "viper-tutorialTests" */ = {
			isa = XCConfigurationList;
			buildConfigurations = (
				50303C572166A332004E15A2 /* Debug */,
				50303C582166A332004E15A2 /* Release */,
			);
			defaultConfigurationIsVisible = 0;
			defaultConfigurationName = Release;
		};
		50303C592166A332004E15A2 /* Build configuration list for PBXNativeTarget "viper-tutorialUITests" */ = {
			isa = XCConfigurationList;
			buildConfigurations = (
				50303C5A2166A332004E15A2 /* Debug */,
				50303C5B2166A332004E15A2 /* Release */,
			);
			defaultConfigurationIsVisible = 0;
			defaultConfigurationName = Release;
		};
/* End XCConfigurationList section */
	};
	rootObject = 50303C232166A32D004E15A2 /* Project object */;
}
